
Microsoft Visual Studio Solution File, Format Version 12.00
# Visual Studio Version 17
VisualStudioVersion = 17.13.35919.96 d17.13
MinimumVisualStudioVersion = 10.0.40219.1
Project("{FAE04EC0-301F-11D3-BF4B-00C04F79EFBC}") = "Opgave", "Opgave\Opgave.csproj", "{858E125B-2703-4EDE-9CEE-5EE3204C3FD9}"
EndProject
Global
	GlobalSection(SolutionConfigurationPlatforms) = preSolution
		Debug|Any CPU = Debug|Any CPU
		Release|Any CPU = Release|Any CPU
	EndGlobalSection
	GlobalSection(ProjectConfigurationPlatforms) = postSolution
		{858E125B-2703-4EDE-9CEE-5EE3204C3FD9}.Debug|Any CPU.ActiveCfg = Debug|Any CPU
		{858E125B-2703-4EDE-9CEE-5EE3204C3FD9}.Debug|Any CPU.Build.0 = Debug|Any CPU
		{858E125B-2703-4EDE-9CEE-5EE3204C3FD9}.Release|Any CPU.ActiveCfg = Release|Any CPU
		{858E125B-2703-4EDE-9CEE-5EE3204C3FD9}.Release|Any CPU.Build.0 = Release|Any CPU
	EndGlobalSection
	GlobalSection(SolutionProperties) = preSolution
		HideSolutionNode = FALSE
	EndGlobalSection
	GlobalSection(ExtensibilityGlobals) = postSolution
		SolutionGuid = {0E23CC0A-13B5-4CF6-8734-41A18355AC7D}
	EndGlobalSection
EndGlobal
