
Microsoft Visual Studio Solution File, Format Version 12.00
# Visual Studio Version 17
VisualStudioVersion = 17.13.35931.197 d17.13
MinimumVisualStudioVersion = 10.0.40219.1
Project("{FAE04EC0-301F-11D3-BF4B-00C04F79EFBC}") = "Opgave 14", "Opgave 14\Opgave 14.csproj", "{70F67F7C-C03C-4841-A8A1-4573E8079AFF}"
EndProject
Global
	GlobalSection(SolutionConfigurationPlatforms) = preSolution
		Debug|Any CPU = Debug|Any CPU
		Release|Any CPU = Release|Any CPU
	EndGlobalSection
	GlobalSection(ProjectConfigurationPlatforms) = postSolution
		{70F67F7C-C03C-4841-A8A1-4573E8079AFF}.Debug|Any CPU.ActiveCfg = Debug|Any CPU
		{70F67F7C-C03C-4841-A8A1-4573E8079AFF}.Debug|Any CPU.Build.0 = Debug|Any CPU
		{70F67F7C-C03C-4841-A8A1-4573E8079AFF}.Release|Any CPU.ActiveCfg = Release|Any CPU
		{70F67F7C-C03C-4841-A8A1-4573E8079AFF}.Release|Any CPU.Build.0 = Release|Any CPU
	EndGlobalSection
	GlobalSection(SolutionProperties) = preSolution
		HideSolutionNode = FALSE
	EndGlobalSection
	GlobalSection(ExtensibilityGlobals) = postSolution
		SolutionGuid = {1ECACC63-DE65-40B1-889B-8B91E6123B07}
	EndGlobalSection
EndGlobal
